
Microsoft Visual Studio Solution File, Format Version 12.00
# Visual Studio Version 17
VisualStudioVersion = 17.11.35222.181
MinimumVisualStudioVersion = 10.0.40219.1
Project("{FAE04EC0-301F-11D3-BF4B-00C04F79EFBC}") = "InventoryManagementAPI", "InventoryManagementAPI\InventoryManagementAPI.csproj", "{58231DC7-F2C7-419B-B4CE-D5DD9E4A9ADF}"
EndProject
Global
	GlobalSection(SolutionConfigurationPlatforms) = preSolution
		Debug|Any CPU = Debug|Any CPU
		Release|Any CPU = Release|Any CPU
	EndGlobalSection
	GlobalSection(ProjectConfigurationPlatforms) = postSolution
		{58231DC7-F2C7-419B-B4CE-D5DD9E4A9ADF}.Debug|Any CPU.ActiveCfg = Debug|Any CPU
		{58231DC7-F2C7-419B-B4CE-D5DD9E4A9ADF}.Debug|Any CPU.Build.0 = Debug|Any CPU
		{58231DC7-F2C7-419B-B4CE-D5DD9E4A9ADF}.Release|Any CPU.ActiveCfg = Release|Any CPU
		{58231DC7-F2C7-419B-B4CE-D5DD9E4A9ADF}.Release|Any CPU.Build.0 = Release|Any CPU
	EndGlobalSection
	GlobalSection(SolutionProperties) = preSolution
		HideSolutionNode = FALSE
	EndGlobalSection
	GlobalSection(ExtensibilityGlobals) = postSolution
		SolutionGuid = {28E7CE46-F8FF-4950-AE6E-639F0F67EFC3}
	EndGlobalSection
EndGlobal
